
Microsoft Visual Studio Solution File, Format Version 12.00
# Visual Studio Version 16
VisualStudioVersion = 16.0.29411.108
MinimumVisualStudioVersion = 10.0.40219.1
Project("{FAE04EC0-301F-11D3-BF4B-00C04F79EFBC}") = "TesteinGaia", "TesteinGaia\TesteinGaia.csproj", "{F71BD348-C8FE-4FEB-A5B4-AFC9403FE885}"
EndProject
Global
	GlobalSection(SolutionConfigurationPlatforms) = preSolution
		Debug|Any CPU = Debug|Any CPU
		Release|Any CPU = Release|Any CPU
	EndGlobalSection
	GlobalSection(ProjectConfigurationPlatforms) = postSolution
		{F71BD348-C8FE-4FEB-A5B4-AFC9403FE885}.Debug|Any CPU.ActiveCfg = Debug|Any CPU
		{F71BD348-C8FE-4FEB-A5B4-AFC9403FE885}.Debug|Any CPU.Build.0 = Debug|Any CPU
		{F71BD348-C8FE-4FEB-A5B4-AFC9403FE885}.Release|Any CPU.ActiveCfg = Release|Any CPU
		{F71BD348-C8FE-4FEB-A5B4-AFC9403FE885}.Release|Any CPU.Build.0 = Release|Any CPU
	EndGlobalSection
	GlobalSection(SolutionProperties) = preSolution
		HideSolutionNode = FALSE
	EndGlobalSection
	GlobalSection(ExtensibilityGlobals) = postSolution
		SolutionGuid = {C81AB2AB-A9C1-4BC0-93B8-803EB5B678A4}
	EndGlobalSection
EndGlobal
